
Microsoft Visual Studio Solution File, Format Version 12.00
Project("{FAE04EC0-301F-11D3-BF4B-00C04F79EFBC}") = "Core2", "Core2\Core2.csproj", "{2D834F28-8745-448B-BE2E-96F98D2EE74C}"
EndProject
Project("{FAE04EC0-301F-11D3-BF4B-00C04F79EFBC}") = "Library472", "Library472\Library472.csproj", "{942C158E-9AFB-492B-8AF9-45EB1E652FA8}"
EndProject
Project("{FAE04EC0-301F-11D3-BF4B-00C04F79EFBC}") = "Library472-old", "Library472-old\Library472-old.csproj", "{6803D5AE-6704-438E-9CDB-B10810A12E9F}"
EndProject
Global
	GlobalSection(SolutionConfigurationPlatforms) = preSolution
		Debug|Any CPU = Debug|Any CPU
		Release|Any CPU = Release|Any CPU
	EndGlobalSection
	GlobalSection(ProjectConfigurationPlatforms) = postSolution
		{7E10EC1D-1055-4E22-9468-A12335E845D4}.Debug|Any CPU.ActiveCfg = Debug|Any CPU
		{7E10EC1D-1055-4E22-9468-A12335E845D4}.Debug|Any CPU.Build.0 = Debug|Any CPU
		{7E10EC1D-1055-4E22-9468-A12335E845D4}.Release|Any CPU.ActiveCfg = Release|Any CPU
		{7E10EC1D-1055-4E22-9468-A12335E845D4}.Release|Any CPU.Build.0 = Release|Any CPU
		{ABED3C5E-53B1-4217-BC85-8606BF9D9E03}.Debug|Any CPU.ActiveCfg = Debug|Any CPU
		{ABED3C5E-53B1-4217-BC85-8606BF9D9E03}.Debug|Any CPU.Build.0 = Debug|Any CPU
		{ABED3C5E-53B1-4217-BC85-8606BF9D9E03}.Release|Any CPU.ActiveCfg = Release|Any CPU
		{ABED3C5E-53B1-4217-BC85-8606BF9D9E03}.Release|Any CPU.Build.0 = Release|Any CPU
		{2D834F28-8745-448B-BE2E-96F98D2EE74C}.Debug|Any CPU.ActiveCfg = Debug|Any CPU
		{2D834F28-8745-448B-BE2E-96F98D2EE74C}.Debug|Any CPU.Build.0 = Debug|Any CPU
		{2D834F28-8745-448B-BE2E-96F98D2EE74C}.Release|Any CPU.ActiveCfg = Release|Any CPU
		{2D834F28-8745-448B-BE2E-96F98D2EE74C}.Release|Any CPU.Build.0 = Release|Any CPU
		{942C158E-9AFB-492B-8AF9-45EB1E652FA8}.Debug|Any CPU.ActiveCfg = Debug|Any CPU
		{942C158E-9AFB-492B-8AF9-45EB1E652FA8}.Debug|Any CPU.Build.0 = Debug|Any CPU
		{942C158E-9AFB-492B-8AF9-45EB1E652FA8}.Release|Any CPU.ActiveCfg = Release|Any CPU
		{942C158E-9AFB-492B-8AF9-45EB1E652FA8}.Release|Any CPU.Build.0 = Release|Any CPU
		{6803D5AE-6704-438E-9CDB-B10810A12E9F}.Debug|Any CPU.ActiveCfg = Debug|Any CPU
		{6803D5AE-6704-438E-9CDB-B10810A12E9F}.Debug|Any CPU.Build.0 = Debug|Any CPU
		{6803D5AE-6704-438E-9CDB-B10810A12E9F}.Release|Any CPU.ActiveCfg = Release|Any CPU
		{6803D5AE-6704-438E-9CDB-B10810A12E9F}.Release|Any CPU.Build.0 = Release|Any CPU
	EndGlobalSection
	GlobalSection(NestedProjects) = preSolution
	EndGlobalSection
EndGlobal
