
Microsoft Visual Studio Solution File, Format Version 12.00
Project("{FAE04EC0-301F-11D3-BF4B-00C04F79EFBC}") = "ConsoleCore3", "ConsoleCore3\ConsoleCore3.csproj", "{78CB987E-356B-481E-A406-8E7E00798A42}"
EndProject
Project("{FAE04EC0-301F-11D3-BF4B-00C04F79EFBC}") = "Console472", "Console472\Console472.csproj", "{3ECD5815-C40F-4B93-A089-2BC1603E0364}"
EndProject
Global
	GlobalSection(SolutionConfigurationPlatforms) = preSolution
		Debug|Any CPU = Debug|Any CPU
		Release|Any CPU = Release|Any CPU
	EndGlobalSection
	GlobalSection(ProjectConfigurationPlatforms) = postSolution
		{78CB987E-356B-481E-A406-8E7E00798A42}.Debug|Any CPU.ActiveCfg = Debug|Any CPU
		{78CB987E-356B-481E-A406-8E7E00798A42}.Debug|Any CPU.Build.0 = Debug|Any CPU
		{78CB987E-356B-481E-A406-8E7E00798A42}.Release|Any CPU.ActiveCfg = Release|Any CPU
		{78CB987E-356B-481E-A406-8E7E00798A42}.Release|Any CPU.Build.0 = Release|Any CPU
		{3ECD5815-C40F-4B93-A089-2BC1603E0364}.Debug|Any CPU.ActiveCfg = Debug|Any CPU
		{3ECD5815-C40F-4B93-A089-2BC1603E0364}.Debug|Any CPU.Build.0 = Debug|Any CPU
		{3ECD5815-C40F-4B93-A089-2BC1603E0364}.Release|Any CPU.ActiveCfg = Release|Any CPU
		{3ECD5815-C40F-4B93-A089-2BC1603E0364}.Release|Any CPU.Build.0 = Release|Any CPU
	EndGlobalSection
EndGlobal
